
Microsoft Visual Studio Solution File, Format Version 12.00
# Visual Studio Version 17
VisualStudioVersion = 17.14.36623.8
MinimumVisualStudioVersion = 10.0.40219.1
Project("{FAE04EC0-301F-11D3-BF4B-00C04F79EFBC}") = "Telhai.CS.CsharpCourse", "Telhai.CS.CsharpCourse\Telhai.CS.CsharpCourse.csproj", "{E2F83365-806B-47D6-8941-5469F8F089D5}"
EndProject
Project("{FAE04EC0-301F-11D3-BF4B-00C04F79EFBC}") = "Telhai.CS.CsharpCourse.03_OOP", "..\Telhai.CS.CsharpCourse.03_OOP\Telhai.CS.CsharpCourse.03_OOP.csproj", "{9D262E0F-8B78-45E2-88AC-9511BE091DD6}"
EndProject
Project("{FAE04EC0-301F-11D3-BF4B-00C04F79EFBC}") = "Telhai.CS.CsharpCourse.Services", "Telhai.CS.CsharpCourse.Srevies\Telhai.CS.CsharpCourse.Services.csproj", "{322E1C7D-6A56-418D-9D83-E8AA326F809A}"
EndProject
Project("{FAE04EC0-301F-11D3-BF4B-00C04F79EFBC}") = "Telhai.CS.CsharpCourse._01_practice", "Telhai.CS.CsharpCourse._1_practice\Telhai.CS.CsharpCourse._01_practice.csproj", "{F7A60389-6500-4899-A0DE-72D9141727EC}"
EndProject
Project("{FAE04EC0-301F-11D3-BF4B-00C04F79EFBC}") = "Telhai.CS.CsharpCourse.04_WPF_APP", "Telhai.CS.CsharpCourse.04_WPF_APP\Telhai.CS.CsharpCourse.04_WPF_APP.csproj", "{9EDF859D-726B-4041-883A-85D334ECB24B}"
EndProject
Project("{FAE04EC0-301F-11D3-BF4B-00C04F79EFBC}") = "Telhai.CS.CsharpCourse._02_practice", "Telhai.CS.CsharpCourse._2_practice\Telhai.CS.CsharpCourse._02_practice.csproj", "{FC879CF0-BFAD-4D98-9529-A873CEEEFFC5}"
EndProject
Project("{FAE04EC0-301F-11D3-BF4B-00C04F79EFBC}") = "Telhai.CS.CsharpCourse.Drawing", "Telhai.CS.CsharpCourse.Drawing\Telhai.CS.CsharpCourse.Drawing.csproj", "{941E4D41-918E-4783-9E3C-3F229C2DFD9C}"
EndProject
Project("{FAE04EC0-301F-11D3-BF4B-00C04F79EFBC}") = "Telhai.CS.CsharpCourse.HW1.Salma", "Telhai.CS.CsharpCourse.HW1\Telhai.CS.CsharpCourse.HW1.Salma.csproj", "{16FBB385-7A20-4B99-BC99-F5EBD127BBD1}"
EndProject
Project("{FAE04EC0-301F-11D3-BF4B-00C04F79EFBC}") = "Telhai.CS.CsharpCourse._05_Wpflinq", "Telhai.CS.CsharpCourse.05_Wpflinq\Telhai.CS.CsharpCourse._05_Wpflinq.csproj", "{2F8ADCB1-1B6F-4AC0-AE16-22ABFDF62EEE}"
EndProject
Project("{FAE04EC0-301F-11D3-BF4B-00C04F79EFBC}") = "Telhai.CS.CsharpCourse.DesignPatterns", "Telhai.CS.CsharpCourse.DesignPatterns\Telhai.CS.CsharpCourse.DesignPatterns.csproj", "{3E0A6C8B-A5FD-4344-A77A-171CCCC35EE8}"
EndProject
Global
	GlobalSection(SolutionConfigurationPlatforms) = preSolution
		Debug|Any CPU = Debug|Any CPU
		Release|Any CPU = Release|Any CPU
	EndGlobalSection
	GlobalSection(ProjectConfigurationPlatforms) = postSolution
		{E2F83365-806B-47D6-8941-5469F8F089D5}.Debug|Any CPU.ActiveCfg = Debug|Any CPU
		{E2F83365-806B-47D6-8941-5469F8F089D5}.Debug|Any CPU.Build.0 = Debug|Any CPU
		{E2F83365-806B-47D6-8941-5469F8F089D5}.Release|Any CPU.ActiveCfg = Release|Any CPU
		{E2F83365-806B-47D6-8941-5469F8F089D5}.Release|Any CPU.Build.0 = Release|Any CPU
		{9D262E0F-8B78-45E2-88AC-9511BE091DD6}.Debug|Any CPU.ActiveCfg = Debug|Any CPU
		{9D262E0F-8B78-45E2-88AC-9511BE091DD6}.Debug|Any CPU.Build.0 = Debug|Any CPU
		{9D262E0F-8B78-45E2-88AC-9511BE091DD6}.Release|Any CPU.ActiveCfg = Release|Any CPU
		{9D262E0F-8B78-45E2-88AC-9511BE091DD6}.Release|Any CPU.Build.0 = Release|Any CPU
		{322E1C7D-6A56-418D-9D83-E8AA326F809A}.Debug|Any CPU.ActiveCfg = Debug|Any CPU
		{322E1C7D-6A56-418D-9D83-E8AA326F809A}.Debug|Any CPU.Build.0 = Debug|Any CPU
		{322E1C7D-6A56-418D-9D83-E8AA326F809A}.Release|Any CPU.ActiveCfg = Release|Any CPU
		{322E1C7D-6A56-418D-9D83-E8AA326F809A}.Release|Any CPU.Build.0 = Release|Any CPU
		{F7A60389-6500-4899-A0DE-72D9141727EC}.Debug|Any CPU.ActiveCfg = Debug|Any CPU
		{F7A60389-6500-4899-A0DE-72D9141727EC}.Debug|Any CPU.Build.0 = Debug|Any CPU
		{F7A60389-6500-4899-A0DE-72D9141727EC}.Release|Any CPU.ActiveCfg = Release|Any CPU
		{F7A60389-6500-4899-A0DE-72D9141727EC}.Release|Any CPU.Build.0 = Release|Any CPU
		{9EDF859D-726B-4041-883A-85D334ECB24B}.Debug|Any CPU.ActiveCfg = Debug|Any CPU
		{9EDF859D-726B-4041-883A-85D334ECB24B}.Debug|Any CPU.Build.0 = Debug|Any CPU
		{9EDF859D-726B-4041-883A-85D334ECB24B}.Release|Any CPU.ActiveCfg = Release|Any CPU
		{9EDF859D-726B-4041-883A-85D334ECB24B}.Release|Any CPU.Build.0 = Release|Any CPU
		{FC879CF0-BFAD-4D98-9529-A873CEEEFFC5}.Debug|Any CPU.ActiveCfg = Debug|Any CPU
		{FC879CF0-BFAD-4D98-9529-A873CEEEFFC5}.Debug|Any CPU.Build.0 = Debug|Any CPU
		{FC879CF0-BFAD-4D98-9529-A873CEEEFFC5}.Release|Any CPU.ActiveCfg = Release|Any CPU
		{FC879CF0-BFAD-4D98-9529-A873CEEEFFC5}.Release|Any CPU.Build.0 = Release|Any CPU
		{941E4D41-918E-4783-9E3C-3F229C2DFD9C}.Debug|Any CPU.ActiveCfg = Debug|Any CPU
		{941E4D41-918E-4783-9E3C-3F229C2DFD9C}.Debug|Any CPU.Build.0 = Debug|Any CPU
		{941E4D41-918E-4783-9E3C-3F229C2DFD9C}.Release|Any CPU.ActiveCfg = Release|Any CPU
		{941E4D41-918E-4783-9E3C-3F229C2DFD9C}.Release|Any CPU.Build.0 = Release|Any CPU
		{16FBB385-7A20-4B99-BC99-F5EBD127BBD1}.Debug|Any CPU.ActiveCfg = Debug|Any CPU
		{16FBB385-7A20-4B99-BC99-F5EBD127BBD1}.Debug|Any CPU.Build.0 = Debug|Any CPU
		{16FBB385-7A20-4B99-BC99-F5EBD127BBD1}.Release|Any CPU.ActiveCfg = Release|Any CPU
		{16FBB385-7A20-4B99-BC99-F5EBD127BBD1}.Release|Any CPU.Build.0 = Release|Any CPU
		{2F8ADCB1-1B6F-4AC0-AE16-22ABFDF62EEE}.Debug|Any CPU.ActiveCfg = Debug|Any CPU
		{2F8ADCB1-1B6F-4AC0-AE16-22ABFDF62EEE}.Debug|Any CPU.Build.0 = Debug|Any CPU
		{2F8ADCB1-1B6F-4AC0-AE16-22ABFDF62EEE}.Release|Any CPU.ActiveCfg = Release|Any CPU
		{2F8ADCB1-1B6F-4AC0-AE16-22ABFDF62EEE}.Release|Any CPU.Build.0 = Release|Any CPU
		{3E0A6C8B-A5FD-4344-A77A-171CCCC35EE8}.Debug|Any CPU.ActiveCfg = Debug|Any CPU
		{3E0A6C8B-A5FD-4344-A77A-171CCCC35EE8}.Debug|Any CPU.Build.0 = Debug|Any CPU
		{3E0A6C8B-A5FD-4344-A77A-171CCCC35EE8}.Release|Any CPU.ActiveCfg = Release|Any CPU
		{3E0A6C8B-A5FD-4344-A77A-171CCCC35EE8}.Release|Any CPU.Build.0 = Release|Any CPU
	EndGlobalSection
	GlobalSection(SolutionProperties) = preSolution
		HideSolutionNode = FALSE
	EndGlobalSection
	GlobalSection(ExtensibilityGlobals) = postSolution
		SolutionGuid = {0BDA1A03-911E-4933-B0ED-DBDED42EF085}
	EndGlobalSection
EndGlobal
