
Microsoft Visual Studio Solution File, Format Version 12.00
# Visual Studio Version 17
VisualStudioVersion = 17.14.36623.8
MinimumVisualStudioVersion = 10.0.40219.1
Project("{FAE04EC0-301F-11D3-BF4B-00C04F79EFBC}") = "Telhai.CS.CsharpCourse._02_practice", "Telhai.CS.CsharpCourse._02_practice\Telhai.CS.CsharpCourse._02_practice.csproj", "{5EAF9349-2271-42D3-90B2-E39B299D6E57}"
EndProject
Global
	GlobalSection(SolutionConfigurationPlatforms) = preSolution
		Debug|Any CPU = Debug|Any CPU
		Release|Any CPU = Release|Any CPU
	EndGlobalSection
	GlobalSection(ProjectConfigurationPlatforms) = postSolution
		{5EAF9349-2271-42D3-90B2-E39B299D6E57}.Debug|Any CPU.ActiveCfg = Debug|Any CPU
		{5EAF9349-2271-42D3-90B2-E39B299D6E57}.Debug|Any CPU.Build.0 = Debug|Any CPU
		{5EAF9349-2271-42D3-90B2-E39B299D6E57}.Release|Any CPU.ActiveCfg = Release|Any CPU
		{5EAF9349-2271-42D3-90B2-E39B299D6E57}.Release|Any CPU.Build.0 = Release|Any CPU
	EndGlobalSection
	GlobalSection(SolutionProperties) = preSolution
		HideSolutionNode = FALSE
	EndGlobalSection
	GlobalSection(ExtensibilityGlobals) = postSolution
		SolutionGuid = {9FFF2C2E-A94C-4F1E-BC24-919EB3289FA1}
	EndGlobalSection
EndGlobal
